
Microsoft Visual Studio Solution File, Format Version 12.00
# Visual Studio Version 16
VisualStudioVersion = 16.0.31613.86
MinimumVisualStudioVersion = 10.0.40219.1
Project("{2150E333-8FDC-42A3-9474-1A3956D46DE8}") = "src", "src", "{C7DE9216-1DD4-4E21-9006-1A3E9B867ED5}"
EndProject
Project("{2150E333-8FDC-42A3-9474-1A3956D46DE8}") = "tests", "tests", "{A16D7FB9-408B-4D54-9E7C-AD33A67E1E28}"
EndProject
Project("{2150E333-8FDC-42A3-9474-1A3956D46DE8}") = "API", "API", "{AFE537D1-ECC1-4AB9-9554-BD9048F0BCE9}"
EndProject
Project("{2150E333-8FDC-42A3-9474-1A3956D46DE8}") = "Core", "Core", "{93B0556E-F2BB-4402-924F-B7089C110F8C}"
EndProject
Project("{2150E333-8FDC-42A3-9474-1A3956D46DE8}") = "Infrastructure", "Infrastructure", "{527EEFC5-8326-4055-AB02-ECF1309ABC94}"
EndProject
Project("{2150E333-8FDC-42A3-9474-1A3956D46DE8}") = "UI", "UI", "{4580AF37-3A06-451B-9805-22429A9F2552}"
EndProject
Project("{FAE04EC0-301F-11D3-BF4B-00C04F79EFBC}") = "WorldCup2022.TicketManagement.Domain", "WorldCup2022.TicketManagement.Domain\WorldCup2022.TicketManagement.Domain.csproj", "{428905C3-7389-4551-9C84-8358F268510F}"
EndProject
Global
	GlobalSection(SolutionConfigurationPlatforms) = preSolution
		Debug|Any CPU = Debug|Any CPU
		Release|Any CPU = Release|Any CPU
	EndGlobalSection
	GlobalSection(ProjectConfigurationPlatforms) = postSolution
		{428905C3-7389-4551-9C84-8358F268510F}.Debug|Any CPU.ActiveCfg = Debug|Any CPU
		{428905C3-7389-4551-9C84-8358F268510F}.Debug|Any CPU.Build.0 = Debug|Any CPU
		{428905C3-7389-4551-9C84-8358F268510F}.Release|Any CPU.ActiveCfg = Release|Any CPU
		{428905C3-7389-4551-9C84-8358F268510F}.Release|Any CPU.Build.0 = Release|Any CPU
	EndGlobalSection
	GlobalSection(SolutionProperties) = preSolution
		HideSolutionNode = FALSE
	EndGlobalSection
	GlobalSection(NestedProjects) = preSolution
		{AFE537D1-ECC1-4AB9-9554-BD9048F0BCE9} = {C7DE9216-1DD4-4E21-9006-1A3E9B867ED5}
		{93B0556E-F2BB-4402-924F-B7089C110F8C} = {C7DE9216-1DD4-4E21-9006-1A3E9B867ED5}
		{527EEFC5-8326-4055-AB02-ECF1309ABC94} = {C7DE9216-1DD4-4E21-9006-1A3E9B867ED5}
		{4580AF37-3A06-451B-9805-22429A9F2552} = {C7DE9216-1DD4-4E21-9006-1A3E9B867ED5}
		{428905C3-7389-4551-9C84-8358F268510F} = {93B0556E-F2BB-4402-924F-B7089C110F8C}
	EndGlobalSection
	GlobalSection(ExtensibilityGlobals) = postSolution
		SolutionGuid = {91539A4A-94B2-43B5-90A1-BA1BC43326B3}
	EndGlobalSection
EndGlobal
